
Microsoft Visual Studio Solution File, Format Version 12.00
# Visual Studio Version 16
VisualStudioVersion = 16.0.29020.237
MinimumVisualStudioVersion = 10.0.40219.1
Project("{9A19103F-16F7-4668-BE54-9A1E7A4F7556}") = "OPCAIC.ApiService", "src\OPCAIC.ApiService\OPCAIC.ApiService.csproj", "{DCD8C05A-4FD8-4BA6-88C8-A117511F7D4E}"
EndProject
Project("{9A19103F-16F7-4668-BE54-9A1E7A4F7556}") = "OPCAIC.Broker.Runner", "src\OPCAIC.Broker.Runner\OPCAIC.Broker.Runner.csproj", "{A980CF84-18D1-44C5-923C-B9CCC766E548}"
EndProject
Project("{9A19103F-16F7-4668-BE54-9A1E7A4F7556}") = "OPCAIC.Worker", "src\OPCAIC.Worker\OPCAIC.Worker.csproj", "{24026FC7-E812-47C8-BB66-E30C86B5F961}"
EndProject
Project("{9A19103F-16F7-4668-BE54-9A1E7A4F7556}") = "OPCAIC.Infrastructure", "src\OPCAIC.Infrastructure\OPCAIC.Infrastructure.csproj", "{77A16CAF-A138-442E-B493-E455DA4B68BF}"
EndProject
Project("{9A19103F-16F7-4668-BE54-9A1E7A4F7556}") = "OPCAIC.Messaging", "src\OPCAIC.Messaging\OPCAIC.Messaging.csproj", "{808B3BFA-E3B5-4AD3-A99F-A82AFE937F54}"
EndProject
Project("{2150E333-8FDC-42A3-9474-1A3956D46DE8}") = "src", "src", "{C9300B9F-159D-43AD-93C7-9C381A09009D}"
EndProject
Project("{2150E333-8FDC-42A3-9474-1A3956D46DE8}") = "test", "test", "{3311B63A-DE17-4FDA-95BF-0427A8170589}"
EndProject
Project("{9A19103F-16F7-4668-BE54-9A1E7A4F7556}") = "OPCAIC.Messaging.Test", "test\OPCAIC.Messaging.Test\OPCAIC.Messaging.Test.csproj", "{ADC8D186-7E8E-46DD-A298-DB8DA12E6753}"
EndProject
Project("{9A19103F-16F7-4668-BE54-9A1E7A4F7556}") = "OPCAIC.Utils.Test", "test\OPCAIC.Utils.Test\OPCAIC.Utils.Test.csproj", "{D6DEBC51-AC04-43BC-81D6-68ACD6BB5702}"
EndProject
Project("{9A19103F-16F7-4668-BE54-9A1E7A4F7556}") = "OPCAIC.Utils", "src\OPCAIC.Utils\OPCAIC.Utils.csproj", "{0EF0B099-A67F-4B5A-9ADE-549C1C558F42}"
EndProject
Project("{9A19103F-16F7-4668-BE54-9A1E7A4F7556}") = "OPCAIC.Broker", "src\OPCAIC.Broker\OPCAIC.Broker.csproj", "{61DC49F6-2DA7-41AE-8190-A811E9A8E2EE}"
EndProject
Project("{9A19103F-16F7-4668-BE54-9A1E7A4F7556}") = "OPCAIC.Worker.Test", "test\OPCAIC.Worker.Test\OPCAIC.Worker.Test.csproj", "{E97B382E-45AF-473B-B1CB-29B51B071CA3}"
EndProject
Project("{9A19103F-16F7-4668-BE54-9A1E7A4F7556}") = "OPCAIC.TestUtils", "test\OPCAIC.TestUtils\OPCAIC.TestUtils.csproj", "{B619794A-E9E8-43D2-81DD-E6B6BF2154AB}"
EndProject
Project("{9A19103F-16F7-4668-BE54-9A1E7A4F7556}") = "OPCAIC.Services.Test", "test\OPCAIC.Services.Test\OPCAIC.Services.Test.csproj", "{D55E8494-E167-4B48-920A-705EE640C000}"
EndProject
Project("{9A19103F-16F7-4668-BE54-9A1E7A4F7556}") = "OPCAIC.Services", "src\OPCAIC.Services\OPCAIC.Services.csproj", "{80067B4A-1C1A-426D-8524-547875D171A3}"
EndProject
Project("{9A19103F-16F7-4668-BE54-9A1E7A4F7556}") = "GameModuleMock", "test\GameModuleMock\GameModuleMock.csproj", "{B1429882-86F9-4DDC-B8D8-9D137F3CA271}"
EndProject
Project("{9A19103F-16F7-4668-BE54-9A1E7A4F7556}") = "OPCAIC.GameModules.Interface", "src\OPCAIC.GameModules.Interface\OPCAIC.GameModules.Interface.csproj", "{5B220656-1C7C-4906-9DEC-11BAD8F085AA}"
EndProject
Global
	GlobalSection(SolutionConfigurationPlatforms) = preSolution
		Debug|Any CPU = Debug|Any CPU
		Release|Any CPU = Release|Any CPU
	EndGlobalSection
	GlobalSection(ProjectConfigurationPlatforms) = postSolution
		{DCD8C05A-4FD8-4BA6-88C8-A117511F7D4E}.Debug|Any CPU.ActiveCfg = Debug|Any CPU
		{DCD8C05A-4FD8-4BA6-88C8-A117511F7D4E}.Debug|Any CPU.Build.0 = Debug|Any CPU
		{DCD8C05A-4FD8-4BA6-88C8-A117511F7D4E}.Release|Any CPU.ActiveCfg = Release|Any CPU
		{DCD8C05A-4FD8-4BA6-88C8-A117511F7D4E}.Release|Any CPU.Build.0 = Release|Any CPU
		{A980CF84-18D1-44C5-923C-B9CCC766E548}.Debug|Any CPU.ActiveCfg = Debug|Any CPU
		{A980CF84-18D1-44C5-923C-B9CCC766E548}.Debug|Any CPU.Build.0 = Debug|Any CPU
		{A980CF84-18D1-44C5-923C-B9CCC766E548}.Release|Any CPU.ActiveCfg = Release|Any CPU
		{A980CF84-18D1-44C5-923C-B9CCC766E548}.Release|Any CPU.Build.0 = Release|Any CPU
		{24026FC7-E812-47C8-BB66-E30C86B5F961}.Debug|Any CPU.ActiveCfg = Debug|Any CPU
		{24026FC7-E812-47C8-BB66-E30C86B5F961}.Debug|Any CPU.Build.0 = Debug|Any CPU
		{24026FC7-E812-47C8-BB66-E30C86B5F961}.Release|Any CPU.ActiveCfg = Release|Any CPU
		{24026FC7-E812-47C8-BB66-E30C86B5F961}.Release|Any CPU.Build.0 = Release|Any CPU
		{77A16CAF-A138-442E-B493-E455DA4B68BF}.Debug|Any CPU.ActiveCfg = Debug|Any CPU
		{77A16CAF-A138-442E-B493-E455DA4B68BF}.Debug|Any CPU.Build.0 = Debug|Any CPU
		{77A16CAF-A138-442E-B493-E455DA4B68BF}.Release|Any CPU.ActiveCfg = Release|Any CPU
		{77A16CAF-A138-442E-B493-E455DA4B68BF}.Release|Any CPU.Build.0 = Release|Any CPU
		{808B3BFA-E3B5-4AD3-A99F-A82AFE937F54}.Debug|Any CPU.ActiveCfg = Debug|Any CPU
		{808B3BFA-E3B5-4AD3-A99F-A82AFE937F54}.Debug|Any CPU.Build.0 = Debug|Any CPU
		{808B3BFA-E3B5-4AD3-A99F-A82AFE937F54}.Release|Any CPU.ActiveCfg = Release|Any CPU
		{808B3BFA-E3B5-4AD3-A99F-A82AFE937F54}.Release|Any CPU.Build.0 = Release|Any CPU
		{ADC8D186-7E8E-46DD-A298-DB8DA12E6753}.Debug|Any CPU.ActiveCfg = Debug|Any CPU
		{ADC8D186-7E8E-46DD-A298-DB8DA12E6753}.Debug|Any CPU.Build.0 = Debug|Any CPU
		{ADC8D186-7E8E-46DD-A298-DB8DA12E6753}.Release|Any CPU.ActiveCfg = Release|Any CPU
		{ADC8D186-7E8E-46DD-A298-DB8DA12E6753}.Release|Any CPU.Build.0 = Release|Any CPU
		{D6DEBC51-AC04-43BC-81D6-68ACD6BB5702}.Debug|Any CPU.ActiveCfg = Debug|Any CPU
		{D6DEBC51-AC04-43BC-81D6-68ACD6BB5702}.Debug|Any CPU.Build.0 = Debug|Any CPU
		{D6DEBC51-AC04-43BC-81D6-68ACD6BB5702}.Release|Any CPU.ActiveCfg = Release|Any CPU
		{D6DEBC51-AC04-43BC-81D6-68ACD6BB5702}.Release|Any CPU.Build.0 = Release|Any CPU
		{0EF0B099-A67F-4B5A-9ADE-549C1C558F42}.Debug|Any CPU.ActiveCfg = Debug|Any CPU
		{0EF0B099-A67F-4B5A-9ADE-549C1C558F42}.Debug|Any CPU.Build.0 = Debug|Any CPU
		{0EF0B099-A67F-4B5A-9ADE-549C1C558F42}.Release|Any CPU.ActiveCfg = Release|Any CPU
		{0EF0B099-A67F-4B5A-9ADE-549C1C558F42}.Release|Any CPU.Build.0 = Release|Any CPU
		{61DC49F6-2DA7-41AE-8190-A811E9A8E2EE}.Debug|Any CPU.ActiveCfg = Debug|Any CPU
		{61DC49F6-2DA7-41AE-8190-A811E9A8E2EE}.Debug|Any CPU.Build.0 = Debug|Any CPU
		{61DC49F6-2DA7-41AE-8190-A811E9A8E2EE}.Release|Any CPU.ActiveCfg = Release|Any CPU
		{61DC49F6-2DA7-41AE-8190-A811E9A8E2EE}.Release|Any CPU.Build.0 = Release|Any CPU
		{E97B382E-45AF-473B-B1CB-29B51B071CA3}.Debug|Any CPU.ActiveCfg = Debug|Any CPU
		{E97B382E-45AF-473B-B1CB-29B51B071CA3}.Debug|Any CPU.Build.0 = Debug|Any CPU
		{E97B382E-45AF-473B-B1CB-29B51B071CA3}.Release|Any CPU.ActiveCfg = Release|Any CPU
		{E97B382E-45AF-473B-B1CB-29B51B071CA3}.Release|Any CPU.Build.0 = Release|Any CPU
		{B619794A-E9E8-43D2-81DD-E6B6BF2154AB}.Debug|Any CPU.ActiveCfg = Debug|Any CPU
		{B619794A-E9E8-43D2-81DD-E6B6BF2154AB}.Debug|Any CPU.Build.0 = Debug|Any CPU
		{B619794A-E9E8-43D2-81DD-E6B6BF2154AB}.Release|Any CPU.ActiveCfg = Release|Any CPU
		{B619794A-E9E8-43D2-81DD-E6B6BF2154AB}.Release|Any CPU.Build.0 = Release|Any CPU
		{D55E8494-E167-4B48-920A-705EE640C000}.Debug|Any CPU.ActiveCfg = Debug|Any CPU
		{D55E8494-E167-4B48-920A-705EE640C000}.Debug|Any CPU.Build.0 = Debug|Any CPU
		{D55E8494-E167-4B48-920A-705EE640C000}.Release|Any CPU.ActiveCfg = Release|Any CPU
		{D55E8494-E167-4B48-920A-705EE640C000}.Release|Any CPU.Build.0 = Release|Any CPU
		{80067B4A-1C1A-426D-8524-547875D171A3}.Debug|Any CPU.ActiveCfg = Debug|Any CPU
		{80067B4A-1C1A-426D-8524-547875D171A3}.Debug|Any CPU.Build.0 = Debug|Any CPU
		{80067B4A-1C1A-426D-8524-547875D171A3}.Release|Any CPU.ActiveCfg = Release|Any CPU
		{80067B4A-1C1A-426D-8524-547875D171A3}.Release|Any CPU.Build.0 = Release|Any CPU
		{B1429882-86F9-4DDC-B8D8-9D137F3CA271}.Debug|Any CPU.ActiveCfg = Debug|Any CPU
		{B1429882-86F9-4DDC-B8D8-9D137F3CA271}.Debug|Any CPU.Build.0 = Debug|Any CPU
		{B1429882-86F9-4DDC-B8D8-9D137F3CA271}.Release|Any CPU.ActiveCfg = Release|Any CPU
		{B1429882-86F9-4DDC-B8D8-9D137F3CA271}.Release|Any CPU.Build.0 = Release|Any CPU
		{5B220656-1C7C-4906-9DEC-11BAD8F085AA}.Debug|Any CPU.ActiveCfg = Debug|Any CPU
		{5B220656-1C7C-4906-9DEC-11BAD8F085AA}.Debug|Any CPU.Build.0 = Debug|Any CPU
		{5B220656-1C7C-4906-9DEC-11BAD8F085AA}.Release|Any CPU.ActiveCfg = Release|Any CPU
		{5B220656-1C7C-4906-9DEC-11BAD8F085AA}.Release|Any CPU.Build.0 = Release|Any CPU
	EndGlobalSection
	GlobalSection(SolutionProperties) = preSolution
		HideSolutionNode = FALSE
	EndGlobalSection
	GlobalSection(NestedProjects) = preSolution
		{DCD8C05A-4FD8-4BA6-88C8-A117511F7D4E} = {C9300B9F-159D-43AD-93C7-9C381A09009D}
		{A980CF84-18D1-44C5-923C-B9CCC766E548} = {C9300B9F-159D-43AD-93C7-9C381A09009D}
		{24026FC7-E812-47C8-BB66-E30C86B5F961} = {C9300B9F-159D-43AD-93C7-9C381A09009D}
		{77A16CAF-A138-442E-B493-E455DA4B68BF} = {C9300B9F-159D-43AD-93C7-9C381A09009D}
		{808B3BFA-E3B5-4AD3-A99F-A82AFE937F54} = {C9300B9F-159D-43AD-93C7-9C381A09009D}
		{ADC8D186-7E8E-46DD-A298-DB8DA12E6753} = {3311B63A-DE17-4FDA-95BF-0427A8170589}
		{D6DEBC51-AC04-43BC-81D6-68ACD6BB5702} = {3311B63A-DE17-4FDA-95BF-0427A8170589}
		{0EF0B099-A67F-4B5A-9ADE-549C1C558F42} = {C9300B9F-159D-43AD-93C7-9C381A09009D}
		{61DC49F6-2DA7-41AE-8190-A811E9A8E2EE} = {C9300B9F-159D-43AD-93C7-9C381A09009D}
		{E97B382E-45AF-473B-B1CB-29B51B071CA3} = {3311B63A-DE17-4FDA-95BF-0427A8170589}
		{B619794A-E9E8-43D2-81DD-E6B6BF2154AB} = {3311B63A-DE17-4FDA-95BF-0427A8170589}
		{D55E8494-E167-4B48-920A-705EE640C000} = {3311B63A-DE17-4FDA-95BF-0427A8170589}
		{80067B4A-1C1A-426D-8524-547875D171A3} = {C9300B9F-159D-43AD-93C7-9C381A09009D}
		{B1429882-86F9-4DDC-B8D8-9D137F3CA271} = {3311B63A-DE17-4FDA-95BF-0427A8170589}
		{5B220656-1C7C-4906-9DEC-11BAD8F085AA} = {C9300B9F-159D-43AD-93C7-9C381A09009D}
	EndGlobalSection
	GlobalSection(ExtensibilityGlobals) = postSolution
		SolutionGuid = {4830CD70-8D84-4172-A842-6910162EBF72}
	EndGlobalSection
EndGlobal
